github.com/tinashe-mundangepfupfu/dog v0.0.0-20231124225846-393086ddd9d3 h1:I28Iq33hE2An5mFMuPtVpTs55cw1hUdq2OJUCBtSwBQ=
github.com/tinashe-mundangepfupfu/dog v0.0.0-20231124225846-393086ddd9d3/go.mod h1:0gShWMa478E5sX+kSNwqF7lv+p/QyrAKdS/eUj5tFjs=
github.com/tinashe-mundangepfupfu/puppy v1.3.0 h1:86hbUgdjBHOZelH4QvUOZ6nUSrnTnav8kZowQv9Snns=
github.com/tinashe-mundangepfupfu/puppy v1.3.0/go.mod h1:1jucYmx86HENpXla7838dB60xwmr8skDm3LSG7bI39k=
